
Microsoft Visual Studio Solution File, Format Version 12.00
# Visual Studio Version 17
VisualStudioVersion = 17.5.33414.496
MinimumVisualStudioVersion = 10.0.40219.1
Project("{FAE04EC0-301F-11D3-BF4B-00C04F79EFBC}") = "ProjectAWeb", "ProjectAWeb\ProjectAWeb.csproj", "{2772C2A6-D01B-444A-AE0D-8239BCA870D5}"
EndProject
Project("{FAE04EC0-301F-11D3-BF4B-00C04F79EFBC}") = "ProjectBConsole", "ProjectBConsole\ProjectBConsole.csproj", "{7B4437A5-3951-4156-BB51-2446350CB000}"
EndProject
Global
	GlobalSection(SolutionConfigurationPlatforms) = preSolution
		Debug|Any CPU = Debug|Any CPU
		Release|Any CPU = Release|Any CPU
	EndGlobalSection
	GlobalSection(ProjectConfigurationPlatforms) = postSolution
		{2772C2A6-D01B-444A-AE0D-8239BCA870D5}.Debug|Any CPU.ActiveCfg = Debug|Any CPU
		{2772C2A6-D01B-444A-AE0D-8239BCA870D5}.Debug|Any CPU.Build.0 = Debug|Any CPU
		{2772C2A6-D01B-444A-AE0D-8239BCA870D5}.Release|Any CPU.ActiveCfg = Release|Any CPU
		{2772C2A6-D01B-444A-AE0D-8239BCA870D5}.Release|Any CPU.Build.0 = Release|Any CPU
		{7B4437A5-3951-4156-BB51-2446350CB000}.Debug|Any CPU.ActiveCfg = Debug|Any CPU
		{7B4437A5-3951-4156-BB51-2446350CB000}.Debug|Any CPU.Build.0 = Debug|Any CPU
		{7B4437A5-3951-4156-BB51-2446350CB000}.Release|Any CPU.ActiveCfg = Release|Any CPU
		{7B4437A5-3951-4156-BB51-2446350CB000}.Release|Any CPU.Build.0 = Release|Any CPU
	EndGlobalSection
	GlobalSection(SolutionProperties) = preSolution
		HideSolutionNode = FALSE
	EndGlobalSection
	GlobalSection(ExtensibilityGlobals) = postSolution
		SolutionGuid = {2F4E6C77-853C-4428-BCDC-4B210742CFE0}
	EndGlobalSection
EndGlobal
